%{"espec": {:hex, :espec, "1.1.2", "d1cf60ee8f6fb8b0f1593097958762f870949238b0aa15788201728cb6e672dd", [:mix], [{:meck, "~> 0.8.4", [hex: :meck, optional: false]}]},
  "excheck": {:hex, :excheck, "0.5.1", "c4cb6d08ed4b6109b03707dac3be95190c2ee1a49d773f66048385160f73908b", [:mix], []},
  "meck": {:hex, :meck, "0.8.4", "59ca1cd971372aa223138efcf9b29475bde299e1953046a0c727184790ab1520", [:make, :rebar], []},
  "triq": {:git, "https://github.com/triqng/triq.git", "2c497398e020e06db8496f1d89f12481cc5adab9", []}}
